// !$*UTF8*$!
{
	archiveVersion = 1;
	classes = {
	};
	objectVersion = 56;
	objects = {

/* Begin PBXBuildFile section */
		69889BD15E5C1B179D18BF0E /* Pods_SurveyWithRK.framework in Frameworks */ = {isa = PBXBuildFile; fileRef = 2CB3279A91CB32D1A2577F1C /* Pods_SurveyWithRK.framework */; };
		91A5F9EA2CC6A82800BB29CE /* AppDelegate.swift in Sources */ = {isa = PBXBuildFile; fileRef = 91A5F9E92CC6A82800BB29CE /* AppDelegate.swift */; };
		91A5F9EC2CC6A82800BB29CE /* SceneDelegate.swift in Sources */ = {isa = PBXBuildFile; fileRef = 91A5F9EB2CC6A82800BB29CE /* SceneDelegate.swift */; };
		91A5F9EE2CC6A82800BB29CE /* ViewController.swift in Sources */ = {isa = PBXBuildFile; fileRef = 91A5F9ED2CC6A82800BB29CE /* ViewController.swift */; };
		91A5F9F32CC6A82A00BB29CE /* Assets.xcassets in Resources */ = {isa = PBXBuildFile; fileRef = 91A5F9F22CC6A82A00BB29CE /* Assets.xcassets */; };
		91A5F9F62CC6A82A00BB29CE /* Base in Resources */ = {isa = PBXBuildFile; fileRef = 91A5F9F52CC6A82A00BB29CE /* Base */; };
		91A5FA002CC6B83B00BB29CE /* SurveyBuilder.swift in Sources */ = {isa = PBXBuildFile; fileRef = 91A5F9FF2CC6B83B00BB29CE /* SurveyBuilder.swift */; };
		91A5FA0F2CC7D0C400BB29CE /* ApiServiceMock.m in Sources */ = {isa = PBXBuildFile; fileRef = 91A5FA0E2CC7D0C400BB29CE /* ApiServiceMock.m */; };
		91A5FA152CC7D39500BB29CE /* InterestDTO.m in Sources */ = {isa = PBXBuildFile; fileRef = 91A5FA112CC7D39500BB29CE /* InterestDTO.m */; };
		91A5FA162CC7D39500BB29CE /* SubjectDTO.m in Sources */ = {isa = PBXBuildFile; fileRef = 91A5FA132CC7D39500BB29CE /* SubjectDTO.m */; };
		91C012822CC90A6000B6C798 /* InterestRealmModel.m in Sources */ = {isa = PBXBuildFile; fileRef = 91C012812CC90A6000B6C798 /* InterestRealmModel.m */; };
		91C012852CC90ABC00B6C798 /* SubjectRealmModel.m in Sources */ = {isa = PBXBuildFile; fileRef = 91C012842CC90ABC00B6C798 /* SubjectRealmModel.m */; };
		91C012882CC9460200B6C798 /* SubjectJsonRealmModel.m in Sources */ = {isa = PBXBuildFile; fileRef = 91C012872CC9460200B6C798 /* SubjectJsonRealmModel.m */; };
/* End PBXBuildFile section */

/* Begin PBXFileReference section */
		0B93809ADB1C1188115B2342 /* Pods-SurveyWithRK.debug.xcconfig */ = {isa = PBXFileReference; includeInIndex = 1; lastKnownFileType = text.xcconfig; name = "Pods-SurveyWithRK.debug.xcconfig"; path = "Target Support Files/Pods-SurveyWithRK/Pods-SurveyWithRK.debug.xcconfig"; sourceTree = "<group>"; };
		2CB3279A91CB32D1A2577F1C /* Pods_SurveyWithRK.framework */ = {isa = PBXFileReference; explicitFileType = wrapper.framework; includeInIndex = 0; path = Pods_SurveyWithRK.framework; sourceTree = BUILT_PRODUCTS_DIR; };
		91A5F9E62CC6A82800BB29CE /* SurveyWithRK.app */ = {isa = PBXFileReference; explicitFileType = wrapper.application; includeInIndex = 0; path = SurveyWithRK.app; sourceTree = BUILT_PRODUCTS_DIR; };
		91A5F9E92CC6A82800BB29CE /* AppDelegate.swift */ = {isa = PBXFileReference; lastKnownFileType = sourcecode.swift; path = AppDelegate.swift; sourceTree = "<group>"; };
		91A5F9EB2CC6A82800BB29CE /* SceneDelegate.swift */ = {isa = PBXFileReference; lastKnownFileType = sourcecode.swift; path = SceneDelegate.swift; sourceTree = "<group>"; };
		91A5F9ED2CC6A82800BB29CE /* ViewController.swift */ = {isa = PBXFileReference; lastKnownFileType = sourcecode.swift; path = ViewController.swift; sourceTree = "<group>"; };
		91A5F9F22CC6A82A00BB29CE /* Assets.xcassets */ = {isa = PBXFileReference; lastKnownFileType = folder.assetcatalog; path = Assets.xcassets; sourceTree = "<group>"; };
		91A5F9F52CC6A82A00BB29CE /* Base */ = {isa = PBXFileReference; lastKnownFileType = file.storyboard; name = Base; path = Base.lproj/LaunchScreen.storyboard; sourceTree = "<group>"; };
		91A5F9F72CC6A82A00BB29CE /* Info.plist */ = {isa = PBXFileReference; lastKnownFileType = text.plist.xml; path = Info.plist; sourceTree = "<group>"; };
		91A5F9FF2CC6B83B00BB29CE /* SurveyBuilder.swift */ = {isa = PBXFileReference; lastKnownFileType = sourcecode.swift; path = SurveyBuilder.swift; sourceTree = "<group>"; };
		91A5FA0C2CC7D0C400BB29CE /* SurveyWithRK-Bridging-Header.h */ = {isa = PBXFileReference; lastKnownFileType = sourcecode.c.h; path = "SurveyWithRK-Bridging-Header.h"; sourceTree = "<group>"; };
		91A5FA0D2CC7D0C400BB29CE /* ApiServiceMock.h */ = {isa = PBXFileReference; lastKnownFileType = sourcecode.c.h; path = ApiServiceMock.h; sourceTree = "<group>"; };
		91A5FA0E2CC7D0C400BB29CE /* ApiServiceMock.m */ = {isa = PBXFileReference; lastKnownFileType = sourcecode.c.objc; path = ApiServiceMock.m; sourceTree = "<group>"; };
		91A5FA102CC7D39500BB29CE /* InterestDTO.h */ = {isa = PBXFileReference; fileEncoding = 4; lastKnownFileType = sourcecode.c.h; path = InterestDTO.h; sourceTree = "<group>"; };
		91A5FA112CC7D39500BB29CE /* InterestDTO.m */ = {isa = PBXFileReference; fileEncoding = 4; lastKnownFileType = sourcecode.c.objc; path = InterestDTO.m; sourceTree = "<group>"; };
		91A5FA122CC7D39500BB29CE /* SubjectDTO.h */ = {isa = PBXFileReference; fileEncoding = 4; lastKnownFileType = sourcecode.c.h; path = SubjectDTO.h; sourceTree = "<group>"; };
		91A5FA132CC7D39500BB29CE /* SubjectDTO.m */ = {isa = PBXFileReference; fileEncoding = 4; lastKnownFileType = sourcecode.c.objc; path = SubjectDTO.m; sourceTree = "<group>"; };
		91A5FA192CC7DEF700BB29CE /* ApiServiceProtocol.h */ = {isa = PBXFileReference; lastKnownFileType = sourcecode.c.h; name = ApiServiceProtocol.h; path = ../../../../../Desktop/ApiServiceProtocol.h; sourceTree = "<group>"; };
		91C012802CC90A6000B6C798 /* InterestRealmModel.h */ = {isa = PBXFileReference; lastKnownFileType = sourcecode.c.h; path = InterestRealmModel.h; sourceTree = "<group>"; };
		91C012812CC90A6000B6C798 /* InterestRealmModel.m */ = {isa = PBXFileReference; lastKnownFileType = sourcecode.c.objc; path = InterestRealmModel.m; sourceTree = "<group>"; };
		91C012832CC90ABC00B6C798 /* SubjectRealmModel.h */ = {isa = PBXFileReference; lastKnownFileType = sourcecode.c.h; path = SubjectRealmModel.h; sourceTree = "<group>"; };
		91C012842CC90ABC00B6C798 /* SubjectRealmModel.m */ = {isa = PBXFileReference; lastKnownFileType = sourcecode.c.objc; path = SubjectRealmModel.m; sourceTree = "<group>"; };
		91C012862CC9460200B6C798 /* SubjectJsonRealmModel.h */ = {isa = PBXFileReference; lastKnownFileType = sourcecode.c.h; path = SubjectJsonRealmModel.h; sourceTree = "<group>"; };
		91C012872CC9460200B6C798 /* SubjectJsonRealmModel.m */ = {isa = PBXFileReference; lastKnownFileType = sourcecode.c.objc; path = SubjectJsonRealmModel.m; sourceTree = "<group>"; };
		B767893587B70D01D34CC24D /* Pods-SurveyWithRK.release.xcconfig */ = {isa = PBXFileReference; includeInIndex = 1; lastKnownFileType = text.xcconfig; name = "Pods-SurveyWithRK.release.xcconfig"; path = "Target Support Files/Pods-SurveyWithRK/Pods-SurveyWithRK.release.xcconfig"; sourceTree = "<group>"; };
/* End PBXFileReference section */

/* Begin PBXFrameworksBuildPhase section */
		91A5F9E32CC6A82800BB29CE /* Frameworks */ = {
			isa = PBXFrameworksBuildPhase;
			buildActionMask = 2147483647;
			files = (
				69889BD15E5C1B179D18BF0E /* Pods_SurveyWithRK.framework in Frameworks */,
			);
			runOnlyForDeploymentPostprocessing = 0;
		};
/* End PBXFrameworksBuildPhase section */

/* Begin PBXGroup section */
		484088A88B94B10CDD17466E /* Pods */ = {
			isa = PBXGroup;
			children = (
				0B93809ADB1C1188115B2342 /* Pods-SurveyWithRK.debug.xcconfig */,
				B767893587B70D01D34CC24D /* Pods-SurveyWithRK.release.xcconfig */,
			);
			path = Pods;
			sourceTree = "<group>";
		};
		754A9B4AA7831CF84DAEB58D /* Frameworks */ = {
			isa = PBXGroup;
			children = (
				2CB3279A91CB32D1A2577F1C /* Pods_SurveyWithRK.framework */,
			);
			name = Frameworks;
			sourceTree = "<group>";
		};
		91A5F9DD2CC6A82800BB29CE = {
			isa = PBXGroup;
			children = (
				91A5F9E82CC6A82800BB29CE /* SurveyWithRK */,
				91A5F9E72CC6A82800BB29CE /* Products */,
				484088A88B94B10CDD17466E /* Pods */,
				754A9B4AA7831CF84DAEB58D /* Frameworks */,
			);
			sourceTree = "<group>";
		};
		91A5F9E72CC6A82800BB29CE /* Products */ = {
			isa = PBXGroup;
			children = (
				91A5F9E62CC6A82800BB29CE /* SurveyWithRK.app */,
			);
			name = Products;
			sourceTree = "<group>";
		};
		91A5F9E82CC6A82800BB29CE /* SurveyWithRK */ = {
			isa = PBXGroup;
			children = (
				91A5FA082CC7D07F00BB29CE /* API */,
				91A5FA1A2CC7E06000BB29CE /* DATA */,
				91A5FA142CC7D39500BB29CE /* DTO */,
				91A5F9FD2CC6B0E900BB29CE /* UI */,
				91A5F9E92CC6A82800BB29CE /* AppDelegate.swift */,
				91A5F9EB2CC6A82800BB29CE /* SceneDelegate.swift */,
				91A5F9F22CC6A82A00BB29CE /* Assets.xcassets */,
				91A5F9F42CC6A82A00BB29CE /* LaunchScreen.storyboard */,
				91A5F9F72CC6A82A00BB29CE /* Info.plist */,
				91A5FA0C2CC7D0C400BB29CE /* SurveyWithRK-Bridging-Header.h */,
			);
			path = SurveyWithRK;
			sourceTree = "<group>";
		};
		91A5F9FD2CC6B0E900BB29CE /* UI */ = {
			isa = PBXGroup;
			children = (
				91A5F9ED2CC6A82800BB29CE /* ViewController.swift */,
				91A5F9FF2CC6B83B00BB29CE /* SurveyBuilder.swift */,
			);
			path = UI;
			sourceTree = "<group>";
		};
		91A5FA082CC7D07F00BB29CE /* API */ = {
			isa = PBXGroup;
			children = (
				91A5FA192CC7DEF700BB29CE /* ApiServiceProtocol.h */,
				91A5FA0D2CC7D0C400BB29CE /* ApiServiceMock.h */,
				91A5FA0E2CC7D0C400BB29CE /* ApiServiceMock.m */,
			);
			path = API;
			sourceTree = "<group>";
		};
		91A5FA142CC7D39500BB29CE /* DTO */ = {
			isa = PBXGroup;
			children = (
				91A5FA102CC7D39500BB29CE /* InterestDTO.h */,
				91A5FA112CC7D39500BB29CE /* InterestDTO.m */,
				91A5FA122CC7D39500BB29CE /* SubjectDTO.h */,
				91A5FA132CC7D39500BB29CE /* SubjectDTO.m */,
			);
			path = DTO;
			sourceTree = "<group>";
		};
		91A5FA1A2CC7E06000BB29CE /* DATA */ = {
			isa = PBXGroup;
			children = (
				91C012802CC90A6000B6C798 /* InterestRealmModel.h */,
				91C012812CC90A6000B6C798 /* InterestRealmModel.m */,
				91C012832CC90ABC00B6C798 /* SubjectRealmModel.h */,
				91C012842CC90ABC00B6C798 /* SubjectRealmModel.m */,
				91C012862CC9460200B6C798 /* SubjectJsonRealmModel.h */,
				91C012872CC9460200B6C798 /* SubjectJsonRealmModel.m */,
			);
			path = DATA;
			sourceTree = "<group>";
		};
/* End PBXGroup section */

/* Begin PBXNativeTarget section */
		91A5F9E52CC6A82800BB29CE /* SurveyWithRK */ = {
			isa = PBXNativeTarget;
			buildConfigurationList = 91A5F9FA2CC6A82A00BB29CE /* Build configuration list for PBXNativeTarget "SurveyWithRK" */;
			buildPhases = (
				05D3A71283E01F3559F7B4F9 /* [CP] Check Pods Manifest.lock */,
				91A5F9E22CC6A82800BB29CE /* Sources */,
				91A5F9E32CC6A82800BB29CE /* Frameworks */,
				91A5F9E42CC6A82800BB29CE /* Resources */,
				0484AFFA47B443D12954D24B /* [CP] Embed Pods Frameworks */,
			);
			buildRules = (
			);
			dependencies = (
			);
			name = SurveyWithRK;
			productName = SurveyWithRK;
			productReference = 91A5F9E62CC6A82800BB29CE /* SurveyWithRK.app */;
			productType = "com.apple.product-type.application";
		};
/* End PBXNativeTarget section */

/* Begin PBXProject section */
		91A5F9DE2CC6A82800BB29CE /* Project object */ = {
			isa = PBXProject;
			attributes = {
				BuildIndependentTargetsInParallel = 1;
				LastSwiftUpdateCheck = 1540;
				LastUpgradeCheck = 1540;
				TargetAttributes = {
					91A5F9E52CC6A82800BB29CE = {
						CreatedOnToolsVersion = 15.4;
						LastSwiftMigration = 1540;
					};
				};
			};
			buildConfigurationList = 91A5F9E12CC6A82800BB29CE /* Build configuration list for PBXProject "SurveyWithRK" */;
			compatibilityVersion = "Xcode 14.0";
			developmentRegion = en;
			hasScannedForEncodings = 0;
			knownRegions = (
				en,
				Base,
			);
			mainGroup = 91A5F9DD2CC6A82800BB29CE;
			productRefGroup = 91A5F9E72CC6A82800BB29CE /* Products */;
			projectDirPath = "";
			projectRoot = "";
			targets = (
				91A5F9E52CC6A82800BB29CE /* SurveyWithRK */,
			);
		};
/* End PBXProject section */

/* Begin PBXResourcesBuildPhase section */
		91A5F9E42CC6A82800BB29CE /* Resources */ = {
			isa = PBXResourcesBuildPhase;
			buildActionMask = 2147483647;
			files = (
				91A5F9F32CC6A82A00BB29CE /* Assets.xcassets in Resources */,
				91A5F9F62CC6A82A00BB29CE /* Base in Resources */,
			);
			runOnlyForDeploymentPostprocessing = 0;
		};
/* End PBXResourcesBuildPhase section */

/* Begin PBXShellScriptBuildPhase section */
		0484AFFA47B443D12954D24B /* [CP] Embed Pods Frameworks */ = {
			isa = PBXShellScriptBuildPhase;
			buildActionMask = 2147483647;
			files = (
			);
			inputFileListPaths = (
				"${PODS_ROOT}/Target Support Files/Pods-SurveyWithRK/Pods-SurveyWithRK-frameworks-${CONFIGURATION}-input-files.xcfilelist",
			);
			name = "[CP] Embed Pods Frameworks";
			outputFileListPaths = (
				"${PODS_ROOT}/Target Support Files/Pods-SurveyWithRK/Pods-SurveyWithRK-frameworks-${CONFIGURATION}-output-files.xcfilelist",
			);
			runOnlyForDeploymentPostprocessing = 0;
			shellPath = /bin/sh;
			shellScript = "\"${PODS_ROOT}/Target Support Files/Pods-SurveyWithRK/Pods-SurveyWithRK-frameworks.sh\"\n";
			showEnvVarsInLog = 0;
		};
		05D3A71283E01F3559F7B4F9 /* [CP] Check Pods Manifest.lock */ = {
			isa = PBXShellScriptBuildPhase;
			buildActionMask = 2147483647;
			files = (
			);
			inputFileListPaths = (
			);
			inputPaths = (
				"${PODS_PODFILE_DIR_PATH}/Podfile.lock",
				"${PODS_ROOT}/Manifest.lock",
			);
			name = "[CP] Check Pods Manifest.lock";
			outputFileListPaths = (
			);
			outputPaths = (
				"$(DERIVED_FILE_DIR)/Pods-SurveyWithRK-checkManifestLockResult.txt",
			);
			runOnlyForDeploymentPostprocessing = 0;
			shellPath = /bin/sh;
			shellScript = "diff \"${PODS_PODFILE_DIR_PATH}/Podfile.lock\" \"${PODS_ROOT}/Manifest.lock\" > /dev/null\nif [ $? != 0 ] ; then\n    # print error to STDERR\n    echo \"error: The sandbox is not in sync with the Podfile.lock. Run 'pod install' or update your CocoaPods installation.\" >&2\n    exit 1\nfi\n# This output is used by Xcode 'outputs' to avoid re-running this script phase.\necho \"SUCCESS\" > \"${SCRIPT_OUTPUT_FILE_0}\"\n";
			showEnvVarsInLog = 0;
		};
/* End PBXShellScriptBuildPhase section */

/* Begin PBXSourcesBuildPhase section */
		91A5F9E22CC6A82800BB29CE /* Sources */ = {
			isa = PBXSourcesBuildPhase;
			buildActionMask = 2147483647;
			files = (
				91A5F9EE2CC6A82800BB29CE /* ViewController.swift in Sources */,
				91A5FA162CC7D39500BB29CE /* SubjectDTO.m in Sources */,
				91A5FA152CC7D39500BB29CE /* InterestDTO.m in Sources */,
				91A5FA0F2CC7D0C400BB29CE /* ApiServiceMock.m in Sources */,
				91A5F9EA2CC6A82800BB29CE /* AppDelegate.swift in Sources */,
				91A5F9EC2CC6A82800BB29CE /* SceneDelegate.swift in Sources */,
				91A5FA002CC6B83B00BB29CE /* SurveyBuilder.swift in Sources */,
				91C012852CC90ABC00B6C798 /* SubjectRealmModel.m in Sources */,
				91C012882CC9460200B6C798 /* SubjectJsonRealmModel.m in Sources */,
				91C012822CC90A6000B6C798 /* InterestRealmModel.m in Sources */,
			);
			runOnlyForDeploymentPostprocessing = 0;
		};
/* End PBXSourcesBuildPhase section */

/* Begin PBXVariantGroup section */
		91A5F9F42CC6A82A00BB29CE /* LaunchScreen.storyboard */ = {
			isa = PBXVariantGroup;
			children = (
				91A5F9F52CC6A82A00BB29CE /* Base */,
			);
			name = LaunchScreen.storyboard;
			sourceTree = "<group>";
		};
/* End PBXVariantGroup section */

/* Begin XCBuildConfiguration section */
		91A5F9F82CC6A82A00BB29CE /* Debug */ = {
			isa = XCBuildConfiguration;
			buildSettings = {
				ALWAYS_SEARCH_USER_PATHS = NO;
				ASSETCATALOG_COMPILER_GENERATE_SWIFT_ASSET_SYMBOL_EXTENSIONS = YES;
				CLANG_ANALYZER_NONNULL = YES;
				CLANG_ANALYZER_NUMBER_OBJECT_CONVERSION = YES_AGGRESSIVE;
				CLANG_CXX_LANGUAGE_STANDARD = "gnu++20";
				CLANG_ENABLE_MODULES = YES;
				CLANG_ENABLE_OBJC_ARC = YES;
				CLANG_ENABLE_OBJC_WEAK = YES;
				CLANG_WARN_BLOCK_CAPTURE_AUTORELEASING = YES;
				CLANG_WARN_BOOL_CONVERSION = YES;
				CLANG_WARN_COMMA = YES;
				CLANG_WARN_CONSTANT_CONVERSION = YES;
				CLANG_WARN_DEPRECATED_OBJC_IMPLEMENTATIONS = YES;
				CLANG_WARN_DIRECT_OBJC_ISA_USAGE = YES_ERROR;
				CLANG_WARN_DOCUMENTATION_COMMENTS = YES;
				CLANG_WARN_EMPTY_BODY = YES;
				CLANG_WARN_ENUM_CONVERSION = YES;
				CLANG_WARN_INFINITE_RECURSION = YES;
				CLANG_WARN_INT_CONVERSION = YES;
				CLANG_WARN_NON_LITERAL_NULL_CONVERSION = YES;
				CLANG_WARN_OBJC_IMPLICIT_RETAIN_SELF = YES;
				CLANG_WARN_OBJC_LITERAL_CONVERSION = YES;
				CLANG_WARN_OBJC_ROOT_CLASS = YES_ERROR;
				CLANG_WARN_QUOTED_INCLUDE_IN_FRAMEWORK_HEADER = YES;
				CLANG_WARN_RANGE_LOOP_ANALYSIS = YES;
				CLANG_WARN_STRICT_PROTOTYPES = YES;
				CLANG_WARN_SUSPICIOUS_MOVE = YES;
				CLANG_WARN_UNGUARDED_AVAILABILITY = YES_AGGRESSIVE;
				CLANG_WARN_UNREACHABLE_CODE = YES;
				CLANG_WARN__DUPLICATE_METHOD_MATCH = YES;
				COPY_PHASE_STRIP = NO;
				DEBUG_INFORMATION_FORMAT = dwarf;
				ENABLE_STRICT_OBJC_MSGSEND = YES;
				ENABLE_TESTABILITY = YES;
				ENABLE_USER_SCRIPT_SANDBOXING = YES;
				GCC_C_LANGUAGE_STANDARD = gnu17;
				GCC_DYNAMIC_NO_PIC = NO;
				GCC_NO_COMMON_BLOCKS = YES;
				GCC_OPTIMIZATION_LEVEL = 0;
				GCC_PREPROCESSOR_DEFINITIONS = (
					"DEBUG=1",
					"$(inherited)",
				);
				GCC_WARN_64_TO_32_BIT_CONVERSION = YES;
				GCC_WARN_ABOUT_RETURN_TYPE = YES_ERROR;
				GCC_WARN_UNDECLARED_SELECTOR = YES;
				GCC_WARN_UNINITIALIZED_AUTOS = YES_AGGRESSIVE;
				GCC_WARN_UNUSED_FUNCTION = YES;
				GCC_WARN_UNUSED_VARIABLE = YES;
				IPHONEOS_DEPLOYMENT_TARGET = 17.5;
				LOCALIZATION_PREFERS_STRING_CATALOGS = YES;
				MTL_ENABLE_DEBUG_INFO = INCLUDE_SOURCE;
				MTL_FAST_MATH = YES;
				ONLY_ACTIVE_ARCH = YES;
				SDKROOT = iphoneos;
				SWIFT_ACTIVE_COMPILATION_CONDITIONS = "DEBUG $(inherited)";
				SWIFT_OPTIMIZATION_LEVEL = "-Onone";
			};
			name = Debug;
		};
		91A5F9F92CC6A82A00BB29CE /* Release */ = {
			isa = XCBuildConfiguration;
			buildSettings = {
				ALWAYS_SEARCH_USER_PATHS = NO;
				ASSETCATALOG_COMPILER_GENERATE_SWIFT_ASSET_SYMBOL_EXTENSIONS = YES;
				CLANG_ANALYZER_NONNULL = YES;
				CLANG_ANALYZER_NUMBER_OBJECT_CONVERSION = YES_AGGRESSIVE;
				CLANG_CXX_LANGUAGE_STANDARD = "gnu++20";
				CLANG_ENABLE_MODULES = YES;
				CLANG_ENABLE_OBJC_ARC = YES;
				CLANG_ENABLE_OBJC_WEAK = YES;
				CLANG_WARN_BLOCK_CAPTURE_AUTORELEASING = YES;
				CLANG_WARN_BOOL_CONVERSION = YES;
				CLANG_WARN_COMMA = YES;
				CLANG_WARN_CONSTANT_CONVERSION = YES;
				CLANG_WARN_DEPRECATED_OBJC_IMPLEMENTATIONS = YES;
				CLANG_WARN_DIRECT_OBJC_ISA_USAGE = YES_ERROR;
				CLANG_WARN_DOCUMENTATION_COMMENTS = YES;
				CLANG_WARN_EMPTY_BODY = YES;
				CLANG_WARN_ENUM_CONVERSION = YES;
				CLANG_WARN_INFINITE_RECURSION = YES;
				CLANG_WARN_INT_CONVERSION = YES;
				CLANG_WARN_NON_LITERAL_NULL_CONVERSION = YES;
				CLANG_WARN_OBJC_IMPLICIT_RETAIN_SELF = YES;
				CLANG_WARN_OBJC_LITERAL_CONVERSION = YES;
				CLANG_WARN_OBJC_ROOT_CLASS = YES_ERROR;
				CLANG_WARN_QUOTED_INCLUDE_IN_FRAMEWORK_HEADER = YES;
				CLANG_WARN_RANGE_LOOP_ANALYSIS = YES;
				CLANG_WARN_STRICT_PROTOTYPES = YES;
				CLANG_WARN_SUSPICIOUS_MOVE = YES;
				CLANG_WARN_UNGUARDED_AVAILABILITY = YES_AGGRESSIVE;
				CLANG_WARN_UNREACHABLE_CODE = YES;
				CLANG_WARN__DUPLICATE_METHOD_MATCH = YES;
				COPY_PHASE_STRIP = NO;
				DEBUG_INFORMATION_FORMAT = "dwarf-with-dsym";
				ENABLE_NS_ASSERTIONS = NO;
				ENABLE_STRICT_OBJC_MSGSEND = YES;
				ENABLE_USER_SCRIPT_SANDBOXING = YES;
				GCC_C_LANGUAGE_STANDARD = gnu17;
				GCC_NO_COMMON_BLOCKS = YES;
				GCC_WARN_64_TO_32_BIT_CONVERSION = YES;
				GCC_WARN_ABOUT_RETURN_TYPE = YES_ERROR;
				GCC_WARN_UNDECLARED_SELECTOR = YES;
				GCC_WARN_UNINITIALIZED_AUTOS = YES_AGGRESSIVE;
				GCC_WARN_UNUSED_FUNCTION = YES;
				GCC_WARN_UNUSED_VARIABLE = YES;
				IPHONEOS_DEPLOYMENT_TARGET = 17.5;
				LOCALIZATION_PREFERS_STRING_CATALOGS = YES;
				MTL_ENABLE_DEBUG_INFO = NO;
				MTL_FAST_MATH = YES;
				SDKROOT = iphoneos;
				SWIFT_COMPILATION_MODE = wholemodule;
				VALIDATE_PRODUCT = YES;
			};
			name = Release;
		};
		91A5F9FB2CC6A82A00BB29CE /* Debug */ = {
			isa = XCBuildConfiguration;
			baseConfigurationReference = 0B93809ADB1C1188115B2342 /* Pods-SurveyWithRK.debug.xcconfig */;
			buildSettings = {
				ASSETCATALOG_COMPILER_APPICON_NAME = AppIcon;
				ASSETCATALOG_COMPILER_GLOBAL_ACCENT_COLOR_NAME = AccentColor;
				CLANG_ENABLE_MODULES = YES;
				CODE_SIGN_STYLE = Automatic;
				CURRENT_PROJECT_VERSION = 1;
				DEVELOPMENT_TEAM = SN623CU8P7;
				ENABLE_USER_SCRIPT_SANDBOXING = NO;
				GENERATE_INFOPLIST_FILE = YES;
				INFOPLIST_FILE = SurveyWithRK/Info.plist;
				INFOPLIST_KEY_UIApplicationSupportsIndirectInputEvents = YES;
				INFOPLIST_KEY_UILaunchStoryboardName = LaunchScreen;
				INFOPLIST_KEY_UISupportedInterfaceOrientations_iPad = "UIInterfaceOrientationPortrait UIInterfaceOrientationPortraitUpsideDown UIInterfaceOrientationLandscapeLeft UIInterfaceOrientationLandscapeRight";
				INFOPLIST_KEY_UISupportedInterfaceOrientations_iPhone = "UIInterfaceOrientationPortrait UIInterfaceOrientationLandscapeLeft UIInterfaceOrientationLandscapeRight";
				IPHONEOS_DEPLOYMENT_TARGET = 16.0;
				LD_RUNPATH_SEARCH_PATHS = (
					"$(inherited)",
					"@executable_path/Frameworks",
				);
				MARKETING_VERSION = 1.0;
				PRODUCT_BUNDLE_IDENTIFIER = app.bucktracker.SurveyWithRK;
				PRODUCT_NAME = "$(TARGET_NAME)";
				SWIFT_EMIT_LOC_STRINGS = YES;
				SWIFT_OBJC_BRIDGING_HEADER = "SurveyWithRK/SurveyWithRK-Bridging-Header.h";
				SWIFT_OPTIMIZATION_LEVEL = "-Onone";
				SWIFT_VERSION = 5.0;
				TARGETED_DEVICE_FAMILY = "1,2";
			};
			name = Debug;
		};
		91A5F9FC2CC6A82A00BB29CE /* Release */ = {
			isa = XCBuildConfiguration;
			baseConfigurationReference = B767893587B70D01D34CC24D /* Pods-SurveyWithRK.release.xcconfig */;
			buildSettings = {
				ASSETCATALOG_COMPILER_APPICON_NAME = AppIcon;
				ASSETCATALOG_COMPILER_GLOBAL_ACCENT_COLOR_NAME = AccentColor;
				CLANG_ENABLE_MODULES = YES;
				CODE_SIGN_STYLE = Automatic;
				CURRENT_PROJECT_VERSION = 1;
				DEVELOPMENT_TEAM = SN623CU8P7;
				ENABLE_USER_SCRIPT_SANDBOXING = NO;
				GENERATE_INFOPLIST_FILE = YES;
				INFOPLIST_FILE = SurveyWithRK/Info.plist;
				INFOPLIST_KEY_UIApplicationSupportsIndirectInputEvents = YES;
				INFOPLIST_KEY_UILaunchStoryboardName = LaunchScreen;
				INFOPLIST_KEY_UISupportedInterfaceOrientations_iPad = "UIInterfaceOrientationPortrait UIInterfaceOrientationPortraitUpsideDown UIInterfaceOrientationLandscapeLeft UIInterfaceOrientationLandscapeRight";
				INFOPLIST_KEY_UISupportedInterfaceOrientations_iPhone = "UIInterfaceOrientationPortrait UIInterfaceOrientationLandscapeLeft UIInterfaceOrientationLandscapeRight";
				IPHONEOS_DEPLOYMENT_TARGET = 16.0;
				LD_RUNPATH_SEARCH_PATHS = (
					"$(inherited)",
					"@executable_path/Frameworks",
				);
				MARKETING_VERSION = 1.0;
				PRODUCT_BUNDLE_IDENTIFIER = app.bucktracker.SurveyWithRK;
				PRODUCT_NAME = "$(TARGET_NAME)";
				SWIFT_EMIT_LOC_STRINGS = YES;
				SWIFT_OBJC_BRIDGING_HEADER = "SurveyWithRK/SurveyWithRK-Bridging-Header.h";
				SWIFT_VERSION = 5.0;
				TARGETED_DEVICE_FAMILY = "1,2";
			};
			name = Release;
		};
/* End XCBuildConfiguration section */

/* Begin XCConfigurationList section */
		91A5F9E12CC6A82800BB29CE /* Build configuration list for PBXProject "SurveyWithRK" */ = {
			isa = XCConfigurationList;
			buildConfigurations = (
				91A5F9F82CC6A82A00BB29CE /* Debug */,
				91A5F9F92CC6A82A00BB29CE /* Release */,
			);
			defaultConfigurationIsVisible = 0;
			defaultConfigurationName = Release;
		};
		91A5F9FA2CC6A82A00BB29CE /* Build configuration list for PBXNativeTarget "SurveyWithRK" */ = {
			isa = XCConfigurationList;
			buildConfigurations = (
				91A5F9FB2CC6A82A00BB29CE /* Debug */,
				91A5F9FC2CC6A82A00BB29CE /* Release */,
			);
			defaultConfigurationIsVisible = 0;
			defaultConfigurationName = Release;
		};
/* End XCConfigurationList section */
	};
	rootObject = 91A5F9DE2CC6A82800BB29CE /* Project object */;
}
